
Microsoft Visual Studio Solution File, Format Version 12.00
# Visual Studio 2013
VisualStudioVersion = 12.0.31101.0
MinimumVisualStudioVersion = 10.0.40219.1
Project("{FAE04EC0-301F-11D3-BF4B-00C04F79EFBC}") = "SampleLab", "SampleLab\SampleLab\SampleLab.csproj", "{D08899A4-8832-44A2-9449-121C37FBD6B8}"
EndProject
Project("{FAE04EC0-301F-11D3-BF4B-00C04F79EFBC}") = "SampleLab.iOS", "SampleLab\SampleLab.iOS\SampleLab.iOS.csproj", "{C504765E-5F96-4201-B1A5-A7A1742741BC}"
EndProject
Project("{FAE04EC0-301F-11D3-BF4B-00C04F79EFBC}") = "SampleLab.Core", "SampleLab.Core\SampleLab.Core.csproj", "{67F9D3A8-F71E-4428-913F-C37AE82CDB24}"
EndProject
Project("{FAE04EC0-301F-11D3-BF4B-00C04F79EFBC}") = "SampleLab.ViewModel", "SampleLab.ViewModel\SampleLab.ViewModel.csproj", "{FF8BBD06-BAC9-450C-98DD-04DD3888F1BC}"
EndProject
Project("{FAE04EC0-301F-11D3-BF4B-00C04F79EFBC}") = "SampleLab.Model", "SampleLab.Model\SampleLab.Model.csproj", "{998EEC38-D6D4-4DE0-9A1A-AC58874A36D7}"
EndProject
Project("{FAE04EC0-301F-11D3-BF4B-00C04F79EFBC}") = "SampleLab.Droid", "SampleLab\SampleLab.Droid\SampleLab.Droid.csproj", "{B5F54D0C-AC15-4A66-9DFD-F4AB3558A2B3}"
EndProject
Global
	GlobalSection(SolutionConfigurationPlatforms) = preSolution
		Ad-Hoc|Any CPU = Ad-Hoc|Any CPU
		Ad-Hoc|iPhone = Ad-Hoc|iPhone
		Ad-Hoc|iPhoneSimulator = Ad-Hoc|iPhoneSimulator
		Ad-Hoc|Mixed Platforms = Ad-Hoc|Mixed Platforms
		AppStore|Any CPU = AppStore|Any CPU
		AppStore|iPhone = AppStore|iPhone
		AppStore|iPhoneSimulator = AppStore|iPhoneSimulator
		AppStore|Mixed Platforms = AppStore|Mixed Platforms
		Debug|Any CPU = Debug|Any CPU
		Debug|iPhone = Debug|iPhone
		Debug|iPhoneSimulator = Debug|iPhoneSimulator
		Debug|Mixed Platforms = Debug|Mixed Platforms
		Release|Any CPU = Release|Any CPU
		Release|iPhone = Release|iPhone
		Release|iPhoneSimulator = Release|iPhoneSimulator
		Release|Mixed Platforms = Release|Mixed Platforms
	EndGlobalSection
	GlobalSection(ProjectConfigurationPlatforms) = postSolution
		{D08899A4-8832-44A2-9449-121C37FBD6B8}.Ad-Hoc|Any CPU.ActiveCfg = Release|Any CPU
		{D08899A4-8832-44A2-9449-121C37FBD6B8}.Ad-Hoc|Any CPU.Build.0 = Release|Any CPU
		{D08899A4-8832-44A2-9449-121C37FBD6B8}.Ad-Hoc|iPhone.ActiveCfg = Release|Any CPU
		{D08899A4-8832-44A2-9449-121C37FBD6B8}.Ad-Hoc|iPhoneSimulator.ActiveCfg = Release|Any CPU
		{D08899A4-8832-44A2-9449-121C37FBD6B8}.Ad-Hoc|Mixed Platforms.ActiveCfg = Release|Any CPU
		{D08899A4-8832-44A2-9449-121C37FBD6B8}.Ad-Hoc|Mixed Platforms.Build.0 = Release|Any CPU
		{D08899A4-8832-44A2-9449-121C37FBD6B8}.AppStore|Any CPU.ActiveCfg = Release|Any CPU
		{D08899A4-8832-44A2-9449-121C37FBD6B8}.AppStore|Any CPU.Build.0 = Release|Any CPU
		{D08899A4-8832-44A2-9449-121C37FBD6B8}.AppStore|iPhone.ActiveCfg = Release|Any CPU
		{D08899A4-8832-44A2-9449-121C37FBD6B8}.AppStore|iPhoneSimulator.ActiveCfg = Release|Any CPU
		{D08899A4-8832-44A2-9449-121C37FBD6B8}.AppStore|Mixed Platforms.ActiveCfg = Release|Any CPU
		{D08899A4-8832-44A2-9449-121C37FBD6B8}.AppStore|Mixed Platforms.Build.0 = Release|Any CPU
		{D08899A4-8832-44A2-9449-121C37FBD6B8}.Debug|Any CPU.ActiveCfg = Debug|Any CPU
		{D08899A4-8832-44A2-9449-121C37FBD6B8}.Debug|Any CPU.Build.0 = Debug|Any CPU
		{D08899A4-8832-44A2-9449-121C37FBD6B8}.Debug|iPhone.ActiveCfg = Debug|Any CPU
		{D08899A4-8832-44A2-9449-121C37FBD6B8}.Debug|iPhoneSimulator.ActiveCfg = Debug|Any CPU
		{D08899A4-8832-44A2-9449-121C37FBD6B8}.Debug|Mixed Platforms.ActiveCfg = Debug|Any CPU
		{D08899A4-8832-44A2-9449-121C37FBD6B8}.Debug|Mixed Platforms.Build.0 = Debug|Any CPU
		{D08899A4-8832-44A2-9449-121C37FBD6B8}.Release|Any CPU.ActiveCfg = Release|Any CPU
		{D08899A4-8832-44A2-9449-121C37FBD6B8}.Release|Any CPU.Build.0 = Release|Any CPU
		{D08899A4-8832-44A2-9449-121C37FBD6B8}.Release|iPhone.ActiveCfg = Release|Any CPU
		{D08899A4-8832-44A2-9449-121C37FBD6B8}.Release|iPhoneSimulator.ActiveCfg = Release|Any CPU
		{D08899A4-8832-44A2-9449-121C37FBD6B8}.Release|Mixed Platforms.ActiveCfg = Release|Any CPU
		{D08899A4-8832-44A2-9449-121C37FBD6B8}.Release|Mixed Platforms.Build.0 = Release|Any CPU
		{C504765E-5F96-4201-B1A5-A7A1742741BC}.Ad-Hoc|Any CPU.ActiveCfg = Ad-Hoc|iPhone
		{C504765E-5F96-4201-B1A5-A7A1742741BC}.Ad-Hoc|iPhone.ActiveCfg = Ad-Hoc|iPhone
		{C504765E-5F96-4201-B1A5-A7A1742741BC}.Ad-Hoc|iPhone.Build.0 = Ad-Hoc|iPhone
		{C504765E-5F96-4201-B1A5-A7A1742741BC}.Ad-Hoc|iPhoneSimulator.ActiveCfg = Ad-Hoc|iPhoneSimulator
		{C504765E-5F96-4201-B1A5-A7A1742741BC}.Ad-Hoc|iPhoneSimulator.Build.0 = Ad-Hoc|iPhoneSimulator
		{C504765E-5F96-4201-B1A5-A7A1742741BC}.Ad-Hoc|Mixed Platforms.ActiveCfg = Ad-Hoc|iPhone
		{C504765E-5F96-4201-B1A5-A7A1742741BC}.Ad-Hoc|Mixed Platforms.Build.0 = Ad-Hoc|iPhone
		{C504765E-5F96-4201-B1A5-A7A1742741BC}.AppStore|Any CPU.ActiveCfg = AppStore|iPhone
		{C504765E-5F96-4201-B1A5-A7A1742741BC}.AppStore|iPhone.ActiveCfg = AppStore|iPhone
		{C504765E-5F96-4201-B1A5-A7A1742741BC}.AppStore|iPhone.Build.0 = AppStore|iPhone
		{C504765E-5F96-4201-B1A5-A7A1742741BC}.AppStore|iPhoneSimulator.ActiveCfg = AppStore|iPhoneSimulator
		{C504765E-5F96-4201-B1A5-A7A1742741BC}.AppStore|iPhoneSimulator.Build.0 = AppStore|iPhoneSimulator
		{C504765E-5F96-4201-B1A5-A7A1742741BC}.AppStore|Mixed Platforms.ActiveCfg = AppStore|iPhone
		{C504765E-5F96-4201-B1A5-A7A1742741BC}.AppStore|Mixed Platforms.Build.0 = AppStore|iPhone
		{C504765E-5F96-4201-B1A5-A7A1742741BC}.Debug|Any CPU.ActiveCfg = Debug|iPhone
		{C504765E-5F96-4201-B1A5-A7A1742741BC}.Debug|iPhone.ActiveCfg = Debug|iPhone
		{C504765E-5F96-4201-B1A5-A7A1742741BC}.Debug|iPhone.Build.0 = Debug|iPhone
		{C504765E-5F96-4201-B1A5-A7A1742741BC}.Debug|iPhoneSimulator.ActiveCfg = Debug|iPhoneSimulator
		{C504765E-5F96-4201-B1A5-A7A1742741BC}.Debug|iPhoneSimulator.Build.0 = Debug|iPhoneSimulator
		{C504765E-5F96-4201-B1A5-A7A1742741BC}.Debug|Mixed Platforms.ActiveCfg = Debug|iPhone
		{C504765E-5F96-4201-B1A5-A7A1742741BC}.Debug|Mixed Platforms.Build.0 = Debug|iPhone
		{C504765E-5F96-4201-B1A5-A7A1742741BC}.Release|Any CPU.ActiveCfg = Release|iPhone
		{C504765E-5F96-4201-B1A5-A7A1742741BC}.Release|iPhone.ActiveCfg = Release|iPhone
		{C504765E-5F96-4201-B1A5-A7A1742741BC}.Release|iPhone.Build.0 = Release|iPhone
		{C504765E-5F96-4201-B1A5-A7A1742741BC}.Release|iPhoneSimulator.ActiveCfg = Release|iPhoneSimulator
		{C504765E-5F96-4201-B1A5-A7A1742741BC}.Release|iPhoneSimulator.Build.0 = Release|iPhoneSimulator
		{C504765E-5F96-4201-B1A5-A7A1742741BC}.Release|Mixed Platforms.ActiveCfg = Release|iPhone
		{C504765E-5F96-4201-B1A5-A7A1742741BC}.Release|Mixed Platforms.Build.0 = Release|iPhone
		{67F9D3A8-F71E-4428-913F-C37AE82CDB24}.Ad-Hoc|Any CPU.ActiveCfg = Release|Any CPU
		{67F9D3A8-F71E-4428-913F-C37AE82CDB24}.Ad-Hoc|Any CPU.Build.0 = Release|Any CPU
		{67F9D3A8-F71E-4428-913F-C37AE82CDB24}.Ad-Hoc|iPhone.ActiveCfg = Release|Any CPU
		{67F9D3A8-F71E-4428-913F-C37AE82CDB24}.Ad-Hoc|iPhoneSimulator.ActiveCfg = Release|Any CPU
		{67F9D3A8-F71E-4428-913F-C37AE82CDB24}.Ad-Hoc|Mixed Platforms.ActiveCfg = Release|Any CPU
		{67F9D3A8-F71E-4428-913F-C37AE82CDB24}.Ad-Hoc|Mixed Platforms.Build.0 = Release|Any CPU
		{67F9D3A8-F71E-4428-913F-C37AE82CDB24}.AppStore|Any CPU.ActiveCfg = Release|Any CPU
		{67F9D3A8-F71E-4428-913F-C37AE82CDB24}.AppStore|Any CPU.Build.0 = Release|Any CPU
		{67F9D3A8-F71E-4428-913F-C37AE82CDB24}.AppStore|iPhone.ActiveCfg = Release|Any CPU
		{67F9D3A8-F71E-4428-913F-C37AE82CDB24}.AppStore|iPhoneSimulator.ActiveCfg = Release|Any CPU
		{67F9D3A8-F71E-4428-913F-C37AE82CDB24}.AppStore|Mixed Platforms.ActiveCfg = Release|Any CPU
		{67F9D3A8-F71E-4428-913F-C37AE82CDB24}.AppStore|Mixed Platforms.Build.0 = Release|Any CPU
		{67F9D3A8-F71E-4428-913F-C37AE82CDB24}.Debug|Any CPU.ActiveCfg = Debug|Any CPU
		{67F9D3A8-F71E-4428-913F-C37AE82CDB24}.Debug|Any CPU.Build.0 = Debug|Any CPU
		{67F9D3A8-F71E-4428-913F-C37AE82CDB24}.Debug|iPhone.ActiveCfg = Debug|Any CPU
		{67F9D3A8-F71E-4428-913F-C37AE82CDB24}.Debug|iPhoneSimulator.ActiveCfg = Debug|Any CPU
		{67F9D3A8-F71E-4428-913F-C37AE82CDB24}.Debug|Mixed Platforms.ActiveCfg = Debug|Any CPU
		{67F9D3A8-F71E-4428-913F-C37AE82CDB24}.Debug|Mixed Platforms.Build.0 = Debug|Any CPU
		{67F9D3A8-F71E-4428-913F-C37AE82CDB24}.Release|Any CPU.ActiveCfg = Release|Any CPU
		{67F9D3A8-F71E-4428-913F-C37AE82CDB24}.Release|Any CPU.Build.0 = Release|Any CPU
		{67F9D3A8-F71E-4428-913F-C37AE82CDB24}.Release|iPhone.ActiveCfg = Release|Any CPU
		{67F9D3A8-F71E-4428-913F-C37AE82CDB24}.Release|iPhoneSimulator.ActiveCfg = Release|Any CPU
		{67F9D3A8-F71E-4428-913F-C37AE82CDB24}.Release|Mixed Platforms.ActiveCfg = Release|Any CPU
		{67F9D3A8-F71E-4428-913F-C37AE82CDB24}.Release|Mixed Platforms.Build.0 = Release|Any CPU
		{FF8BBD06-BAC9-450C-98DD-04DD3888F1BC}.Ad-Hoc|Any CPU.ActiveCfg = Release|Any CPU
		{FF8BBD06-BAC9-450C-98DD-04DD3888F1BC}.Ad-Hoc|Any CPU.Build.0 = Release|Any CPU
		{FF8BBD06-BAC9-450C-98DD-04DD3888F1BC}.Ad-Hoc|iPhone.ActiveCfg = Release|Any CPU
		{FF8BBD06-BAC9-450C-98DD-04DD3888F1BC}.Ad-Hoc|iPhoneSimulator.ActiveCfg = Release|Any CPU
		{FF8BBD06-BAC9-450C-98DD-04DD3888F1BC}.Ad-Hoc|Mixed Platforms.ActiveCfg = Release|Any CPU
		{FF8BBD06-BAC9-450C-98DD-04DD3888F1BC}.Ad-Hoc|Mixed Platforms.Build.0 = Release|Any CPU
		{FF8BBD06-BAC9-450C-98DD-04DD3888F1BC}.AppStore|Any CPU.ActiveCfg = Release|Any CPU
		{FF8BBD06-BAC9-450C-98DD-04DD3888F1BC}.AppStore|Any CPU.Build.0 = Release|Any CPU
		{FF8BBD06-BAC9-450C-98DD-04DD3888F1BC}.AppStore|iPhone.ActiveCfg = Release|Any CPU
		{FF8BBD06-BAC9-450C-98DD-04DD3888F1BC}.AppStore|iPhoneSimulator.ActiveCfg = Release|Any CPU
		{FF8BBD06-BAC9-450C-98DD-04DD3888F1BC}.AppStore|Mixed Platforms.ActiveCfg = Release|Any CPU
		{FF8BBD06-BAC9-450C-98DD-04DD3888F1BC}.AppStore|Mixed Platforms.Build.0 = Release|Any CPU
		{FF8BBD06-BAC9-450C-98DD-04DD3888F1BC}.Debug|Any CPU.ActiveCfg = Debug|Any CPU
		{FF8BBD06-BAC9-450C-98DD-04DD3888F1BC}.Debug|Any CPU.Build.0 = Debug|Any CPU
		{FF8BBD06-BAC9-450C-98DD-04DD3888F1BC}.Debug|iPhone.ActiveCfg = Debug|Any CPU
		{FF8BBD06-BAC9-450C-98DD-04DD3888F1BC}.Debug|iPhoneSimulator.ActiveCfg = Debug|Any CPU
		{FF8BBD06-BAC9-450C-98DD-04DD3888F1BC}.Debug|Mixed Platforms.ActiveCfg = Debug|Any CPU
		{FF8BBD06-BAC9-450C-98DD-04DD3888F1BC}.Debug|Mixed Platforms.Build.0 = Debug|Any CPU
		{FF8BBD06-BAC9-450C-98DD-04DD3888F1BC}.Release|Any CPU.ActiveCfg = Release|Any CPU
		{FF8BBD06-BAC9-450C-98DD-04DD3888F1BC}.Release|Any CPU.Build.0 = Release|Any CPU
		{FF8BBD06-BAC9-450C-98DD-04DD3888F1BC}.Release|iPhone.ActiveCfg = Release|Any CPU
		{FF8BBD06-BAC9-450C-98DD-04DD3888F1BC}.Release|iPhoneSimulator.ActiveCfg = Release|Any CPU
		{FF8BBD06-BAC9-450C-98DD-04DD3888F1BC}.Release|Mixed Platforms.ActiveCfg = Release|Any CPU
		{FF8BBD06-BAC9-450C-98DD-04DD3888F1BC}.Release|Mixed Platforms.Build.0 = Release|Any CPU
		{998EEC38-D6D4-4DE0-9A1A-AC58874A36D7}.Ad-Hoc|Any CPU.ActiveCfg = Release|Any CPU
		{998EEC38-D6D4-4DE0-9A1A-AC58874A36D7}.Ad-Hoc|Any CPU.Build.0 = Release|Any CPU
		{998EEC38-D6D4-4DE0-9A1A-AC58874A36D7}.Ad-Hoc|iPhone.ActiveCfg = Release|Any CPU
		{998EEC38-D6D4-4DE0-9A1A-AC58874A36D7}.Ad-Hoc|iPhoneSimulator.ActiveCfg = Release|Any CPU
		{998EEC38-D6D4-4DE0-9A1A-AC58874A36D7}.Ad-Hoc|Mixed Platforms.ActiveCfg = Release|Any CPU
		{998EEC38-D6D4-4DE0-9A1A-AC58874A36D7}.Ad-Hoc|Mixed Platforms.Build.0 = Release|Any CPU
		{998EEC38-D6D4-4DE0-9A1A-AC58874A36D7}.AppStore|Any CPU.ActiveCfg = Release|Any CPU
		{998EEC38-D6D4-4DE0-9A1A-AC58874A36D7}.AppStore|Any CPU.Build.0 = Release|Any CPU
		{998EEC38-D6D4-4DE0-9A1A-AC58874A36D7}.AppStore|iPhone.ActiveCfg = Release|Any CPU
		{998EEC38-D6D4-4DE0-9A1A-AC58874A36D7}.AppStore|iPhoneSimulator.ActiveCfg = Release|Any CPU
		{998EEC38-D6D4-4DE0-9A1A-AC58874A36D7}.AppStore|Mixed Platforms.ActiveCfg = Release|Any CPU
		{998EEC38-D6D4-4DE0-9A1A-AC58874A36D7}.AppStore|Mixed Platforms.Build.0 = Release|Any CPU
		{998EEC38-D6D4-4DE0-9A1A-AC58874A36D7}.Debug|Any CPU.ActiveCfg = Debug|Any CPU
		{998EEC38-D6D4-4DE0-9A1A-AC58874A36D7}.Debug|Any CPU.Build.0 = Debug|Any CPU
		{998EEC38-D6D4-4DE0-9A1A-AC58874A36D7}.Debug|iPhone.ActiveCfg = Debug|Any CPU
		{998EEC38-D6D4-4DE0-9A1A-AC58874A36D7}.Debug|iPhoneSimulator.ActiveCfg = Debug|Any CPU
		{998EEC38-D6D4-4DE0-9A1A-AC58874A36D7}.Debug|Mixed Platforms.ActiveCfg = Debug|Any CPU
		{998EEC38-D6D4-4DE0-9A1A-AC58874A36D7}.Debug|Mixed Platforms.Build.0 = Debug|Any CPU
		{998EEC38-D6D4-4DE0-9A1A-AC58874A36D7}.Release|Any CPU.ActiveCfg = Release|Any CPU
		{998EEC38-D6D4-4DE0-9A1A-AC58874A36D7}.Release|Any CPU.Build.0 = Release|Any CPU
		{998EEC38-D6D4-4DE0-9A1A-AC58874A36D7}.Release|iPhone.ActiveCfg = Release|Any CPU
		{998EEC38-D6D4-4DE0-9A1A-AC58874A36D7}.Release|iPhoneSimulator.ActiveCfg = Release|Any CPU
		{998EEC38-D6D4-4DE0-9A1A-AC58874A36D7}.Release|Mixed Platforms.ActiveCfg = Release|Any CPU
		{998EEC38-D6D4-4DE0-9A1A-AC58874A36D7}.Release|Mixed Platforms.Build.0 = Release|Any CPU
		{B5F54D0C-AC15-4A66-9DFD-F4AB3558A2B3}.Ad-Hoc|Any CPU.ActiveCfg = Release|Any CPU
		{B5F54D0C-AC15-4A66-9DFD-F4AB3558A2B3}.Ad-Hoc|Any CPU.Build.0 = Release|Any CPU
		{B5F54D0C-AC15-4A66-9DFD-F4AB3558A2B3}.Ad-Hoc|Any CPU.Deploy.0 = Release|Any CPU
		{B5F54D0C-AC15-4A66-9DFD-F4AB3558A2B3}.Ad-Hoc|iPhone.ActiveCfg = Release|Any CPU
		{B5F54D0C-AC15-4A66-9DFD-F4AB3558A2B3}.Ad-Hoc|iPhoneSimulator.ActiveCfg = Release|Any CPU
		{B5F54D0C-AC15-4A66-9DFD-F4AB3558A2B3}.Ad-Hoc|Mixed Platforms.ActiveCfg = Release|Any CPU
		{B5F54D0C-AC15-4A66-9DFD-F4AB3558A2B3}.Ad-Hoc|Mixed Platforms.Build.0 = Release|Any CPU
		{B5F54D0C-AC15-4A66-9DFD-F4AB3558A2B3}.Ad-Hoc|Mixed Platforms.Deploy.0 = Release|Any CPU
		{B5F54D0C-AC15-4A66-9DFD-F4AB3558A2B3}.AppStore|Any CPU.ActiveCfg = Release|Any CPU
		{B5F54D0C-AC15-4A66-9DFD-F4AB3558A2B3}.AppStore|Any CPU.Build.0 = Release|Any CPU
		{B5F54D0C-AC15-4A66-9DFD-F4AB3558A2B3}.AppStore|Any CPU.Deploy.0 = Release|Any CPU
		{B5F54D0C-AC15-4A66-9DFD-F4AB3558A2B3}.AppStore|iPhone.ActiveCfg = Release|Any CPU
		{B5F54D0C-AC15-4A66-9DFD-F4AB3558A2B3}.AppStore|iPhoneSimulator.ActiveCfg = Release|Any CPU
		{B5F54D0C-AC15-4A66-9DFD-F4AB3558A2B3}.AppStore|Mixed Platforms.ActiveCfg = Release|Any CPU
		{B5F54D0C-AC15-4A66-9DFD-F4AB3558A2B3}.AppStore|Mixed Platforms.Build.0 = Release|Any CPU
		{B5F54D0C-AC15-4A66-9DFD-F4AB3558A2B3}.AppStore|Mixed Platforms.Deploy.0 = Release|Any CPU
		{B5F54D0C-AC15-4A66-9DFD-F4AB3558A2B3}.Debug|Any CPU.ActiveCfg = Debug|Any CPU
		{B5F54D0C-AC15-4A66-9DFD-F4AB3558A2B3}.Debug|Any CPU.Build.0 = Debug|Any CPU
		{B5F54D0C-AC15-4A66-9DFD-F4AB3558A2B3}.Debug|Any CPU.Deploy.0 = Debug|Any CPU
		{B5F54D0C-AC15-4A66-9DFD-F4AB3558A2B3}.Debug|iPhone.ActiveCfg = Debug|Any CPU
		{B5F54D0C-AC15-4A66-9DFD-F4AB3558A2B3}.Debug|iPhoneSimulator.ActiveCfg = Debug|Any CPU
		{B5F54D0C-AC15-4A66-9DFD-F4AB3558A2B3}.Debug|Mixed Platforms.ActiveCfg = Debug|Any CPU
		{B5F54D0C-AC15-4A66-9DFD-F4AB3558A2B3}.Debug|Mixed Platforms.Build.0 = Debug|Any CPU
		{B5F54D0C-AC15-4A66-9DFD-F4AB3558A2B3}.Debug|Mixed Platforms.Deploy.0 = Debug|Any CPU
		{B5F54D0C-AC15-4A66-9DFD-F4AB3558A2B3}.Release|Any CPU.ActiveCfg = Release|Any CPU
		{B5F54D0C-AC15-4A66-9DFD-F4AB3558A2B3}.Release|Any CPU.Build.0 = Release|Any CPU
		{B5F54D0C-AC15-4A66-9DFD-F4AB3558A2B3}.Release|Any CPU.Deploy.0 = Release|Any CPU
		{B5F54D0C-AC15-4A66-9DFD-F4AB3558A2B3}.Release|iPhone.ActiveCfg = Release|Any CPU
		{B5F54D0C-AC15-4A66-9DFD-F4AB3558A2B3}.Release|iPhoneSimulator.ActiveCfg = Release|Any CPU
		{B5F54D0C-AC15-4A66-9DFD-F4AB3558A2B3}.Release|Mixed Platforms.ActiveCfg = Release|Any CPU
		{B5F54D0C-AC15-4A66-9DFD-F4AB3558A2B3}.Release|Mixed Platforms.Build.0 = Release|Any CPU
		{B5F54D0C-AC15-4A66-9DFD-F4AB3558A2B3}.Release|Mixed Platforms.Deploy.0 = Release|Any CPU
	EndGlobalSection
	GlobalSection(SolutionProperties) = preSolution
		HideSolutionNode = FALSE
	EndGlobalSection
EndGlobal
